// !$*UTF8*$!
{
	archiveVersion = 1;
	classes = {
	};
	objectVersion = 77;
	objects = {

/* Begin PBXBuildFile section */
		C2LIVEACT012F2619AE007FD3E4 /* CloudeShared in Frameworks */ = {isa = PBXBuildFile; productRef = C2LIVEACT022F2619AE007FD3E4 /* CloudeShared */; };
		C2LIVEACT032F2619AE007FD3E4 /* WidgetKit.framework in Frameworks */ = {isa = PBXBuildFile; fileRef = C2LIVEACT042F2619AE007FD3E4 /* WidgetKit.framework */; };
		C2LIVEACT052F2619AE007FD3E4 /* SwiftUI.framework in Frameworks */ = {isa = PBXBuildFile; fileRef = C2LIVEACT062F2619AE007FD3E4 /* SwiftUI.framework */; };
		C2LIVEACT072F2619AE007FD3E4 /* CloudeLiveActivityExtension.appex in Embed Foundation Extensions */ = {isa = PBXBuildFile; fileRef = C2LIVEACT082F2619AE007FD3E4 /* CloudeLiveActivityExtension.appex */; settings = {ATTRIBUTES = (RemoveHeadersOnCopy, ); }; };
		C2SHARED012F2619AE007FD3E4 /* CloudeShared in Frameworks */ = {isa = PBXBuildFile; productRef = C2SHARED022F2619AE007FD3E4 /* CloudeShared */; };
		C2SHARED032F2619AE007FD3E4 /* CloudeShared in Frameworks */ = {isa = PBXBuildFile; productRef = C2SHARED042F2619AE007FD3E4 /* CloudeShared */; };
		C2WHISPER012F2619AE007FD3E4 /* WhisperKit in Frameworks */ = {isa = PBXBuildFile; productRef = C2WHISPER022F2619AE007FD3E4 /* WhisperKit */; };
/* End PBXBuildFile section */

/* Begin PBXContainerItemProxy section */
		C2LIVEACT132F2619AE007FD3E4 /* PBXContainerItemProxy */ = {
			isa = PBXContainerItemProxy;
			containerPortal = C2B3BB982F2619AE007FD3E4 /* Project object */;
			proxyType = 1;
			remoteGlobalIDString = C2LIVEACT0B2F2619AE007FD3E4;
			remoteInfo = CloudeLiveActivityExtension;
		};
/* End PBXContainerItemProxy section */

/* Begin PBXCopyFilesBuildPhase section */
		C2LIVEACT0E2F2619AE007FD3E4 /* Embed Foundation Extensions */ = {
			isa = PBXCopyFilesBuildPhase;
			buildActionMask = 2147483647;
			dstPath = "";
			dstSubfolderSpec = 13;
			files = (
				C2LIVEACT072F2619AE007FD3E4 /* CloudeLiveActivityExtension.appex in Embed Foundation Extensions */,
			);
			name = "Embed Foundation Extensions";
			runOnlyForDeploymentPostprocessing = 0;
		};
/* End PBXCopyFilesBuildPhase section */

/* Begin PBXFileReference section */
		C2B3BBA02F2619AE007FD3E4 /* Cloude.app */ = {isa = PBXFileReference; explicitFileType = wrapper.application; includeInIndex = 0; path = Cloude.app; sourceTree = BUILT_PRODUCTS_DIR; };
		C2B3BBB22F2619E8007FD3E4 /* Cloude Agent.app */ = {isa = PBXFileReference; explicitFileType = wrapper.application; includeInIndex = 0; path = "Cloude Agent.app"; sourceTree = BUILT_PRODUCTS_DIR; };
		C2LIVEACT042F2619AE007FD3E4 /* WidgetKit.framework */ = {isa = PBXFileReference; lastKnownFileType = wrapper.framework; name = WidgetKit.framework; path = System/Library/Frameworks/WidgetKit.framework; sourceTree = SDKROOT; };
		C2LIVEACT062F2619AE007FD3E4 /* SwiftUI.framework */ = {isa = PBXFileReference; lastKnownFileType = wrapper.framework; name = SwiftUI.framework; path = System/Library/Frameworks/SwiftUI.framework; sourceTree = SDKROOT; };
		C2LIVEACT082F2619AE007FD3E4 /* CloudeLiveActivityExtension.appex */ = {isa = PBXFileReference; explicitFileType = "wrapper.app-extension"; includeInIndex = 0; path = CloudeLiveActivityExtension.appex; sourceTree = BUILT_PRODUCTS_DIR; };
		C2SHARED052F2619AE007FD3E4 /* CloudeShared */ = {isa = PBXFileReference; lastKnownFileType = wrapper; path = CloudeShared; sourceTree = "<group>"; };
/* End PBXFileReference section */

/* Begin PBXFileSystemSynchronizedBuildFileExceptionSet section */
		C2B3BBD12F262D4C007FD3E4 /* Exceptions for "Cloude" folder in "Cloude" target */ = {
			isa = PBXFileSystemSynchronizedBuildFileExceptionSet;
			membershipExceptions = (
				Info.plist,
			);
			target = C2B3BB9F2F2619AE007FD3E4 /* Cloude */;
		};
		C2LIVEACT0A2F2619AE007FD3E4 /* Exceptions for "CloudeLiveActivity" folder in "CloudeLiveActivityExtension" target */ = {
			isa = PBXFileSystemSynchronizedBuildFileExceptionSet;
			membershipExceptions = (
				Info.plist,
			);
			target = C2LIVEACT0B2F2619AE007FD3E4 /* CloudeLiveActivityExtension */;
		};
/* End PBXFileSystemSynchronizedBuildFileExceptionSet section */

/* Begin PBXFileSystemSynchronizedRootGroup section */
		C2B3BBA22F2619AE007FD3E4 /* Cloude */ = {
			isa = PBXFileSystemSynchronizedRootGroup;
			exceptions = (
				C2B3BBD12F262D4C007FD3E4 /* Exceptions for "Cloude" folder in "Cloude" target */,
			);
			path = Cloude;
			sourceTree = "<group>";
		};
		C2B3BBB32F2619E8007FD3E4 /* Cloude Agent */ = {
			isa = PBXFileSystemSynchronizedRootGroup;
			exceptions = (
			);
			path = "Cloude Agent";
			sourceTree = "<group>";
		};
		C2LIVEACT092F2619AE007FD3E4 /* CloudeLiveActivity */ = {
			isa = PBXFileSystemSynchronizedRootGroup;
			exceptions = (
				C2LIVEACT0A2F2619AE007FD3E4 /* Exceptions for "CloudeLiveActivity" folder in "CloudeLiveActivityExtension" target */,
			);
			path = CloudeLiveActivity;
			sourceTree = "<group>";
		};
/* End PBXFileSystemSynchronizedRootGroup section */

/* Begin PBXFrameworksBuildPhase section */
		C2B3BB9D2F2619AE007FD3E4 /* Frameworks */ = {
			isa = PBXFrameworksBuildPhase;
			buildActionMask = 2147483647;
			files = (
				C2SHARED012F2619AE007FD3E4 /* CloudeShared in Frameworks */,
			);
			runOnlyForDeploymentPostprocessing = 0;
		};
		C2B3BBAF2F2619E8007FD3E4 /* Frameworks */ = {
			isa = PBXFrameworksBuildPhase;
			buildActionMask = 2147483647;
			files = (
				C2SHARED032F2619AE007FD3E4 /* CloudeShared in Frameworks */,
				C2WHISPER012F2619AE007FD3E4 /* WhisperKit in Frameworks */,
			);
			runOnlyForDeploymentPostprocessing = 0;
		};
		C2LIVEACT0C2F2619AE007FD3E4 /* Frameworks */ = {
			isa = PBXFrameworksBuildPhase;
			buildActionMask = 2147483647;
			files = (
				C2LIVEACT012F2619AE007FD3E4 /* CloudeShared in Frameworks */,
				C2LIVEACT032F2619AE007FD3E4 /* WidgetKit.framework in Frameworks */,
				C2LIVEACT052F2619AE007FD3E4 /* SwiftUI.framework in Frameworks */,
			);
			runOnlyForDeploymentPostprocessing = 0;
		};
/* End PBXFrameworksBuildPhase section */

/* Begin PBXGroup section */
		C2B3BB972F2619AE007FD3E4 = {
			isa = PBXGroup;
			children = (
				C2SHARED052F2619AE007FD3E4 /* CloudeShared */,
				C2B3BBA22F2619AE007FD3E4 /* Cloude */,
				C2B3BBB32F2619E8007FD3E4 /* Cloude Agent */,
				C2LIVEACT092F2619AE007FD3E4 /* CloudeLiveActivity */,
				C2B3BBA12F2619AE007FD3E4 /* Products */,
				C2LIVEACT0D2F2619AE007FD3E4 /* Frameworks */,
			);
			sourceTree = "<group>";
		};
		C2B3BBA12F2619AE007FD3E4 /* Products */ = {
			isa = PBXGroup;
			children = (
				C2B3BBA02F2619AE007FD3E4 /* Cloude.app */,
				C2B3BBB22F2619E8007FD3E4 /* Cloude Agent.app */,
				C2LIVEACT082F2619AE007FD3E4 /* CloudeLiveActivityExtension.appex */,
			);
			name = Products;
			sourceTree = "<group>";
		};
		C2LIVEACT0D2F2619AE007FD3E4 /* Frameworks */ = {
			isa = PBXGroup;
			children = (
				C2LIVEACT042F2619AE007FD3E4 /* WidgetKit.framework */,
				C2LIVEACT062F2619AE007FD3E4 /* SwiftUI.framework */,
			);
			name = Frameworks;
			sourceTree = "<group>";
		};
/* End PBXGroup section */

/* Begin PBXNativeTarget section */
		C2B3BB9F2F2619AE007FD3E4 /* Cloude */ = {
			isa = PBXNativeTarget;
			buildConfigurationList = C2B3BBAB2F2619AF007FD3E4 /* Build configuration list for PBXNativeTarget "Cloude" */;
			buildPhases = (
				C2B3BB9C2F2619AE007FD3E4 /* Sources */,
				C2B3BB9D2F2619AE007FD3E4 /* Frameworks */,
				C2B3BB9E2F2619AE007FD3E4 /* Resources */,
				C2LIVEACT0E2F2619AE007FD3E4 /* Embed Foundation Extensions */,
			);
			buildRules = (
			);
			dependencies = (
				C2LIVEACT0F2F2619AE007FD3E4 /* PBXTargetDependency */,
			);
			fileSystemSynchronizedGroups = (
				C2B3BBA22F2619AE007FD3E4 /* Cloude */,
			);
			name = Cloude;
			packageProductDependencies = (
				C2SHARED022F2619AE007FD3E4 /* CloudeShared */,
			);
			productName = Cloude;
			productReference = C2B3BBA02F2619AE007FD3E4 /* Cloude.app */;
			productType = "com.apple.product-type.application";
		};
		C2B3BBB12F2619E8007FD3E4 /* Cloude Agent */ = {
			isa = PBXNativeTarget;
			buildConfigurationList = C2B3BBBA2F2619E8007FD3E4 /* Build configuration list for PBXNativeTarget "Cloude Agent" */;
			buildPhases = (
				C2B3BBAE2F2619E8007FD3E4 /* Sources */,
				C2B3BBAF2F2619E8007FD3E4 /* Frameworks */,
				C2B3BBB02F2619E8007FD3E4 /* Resources */,
			);
			buildRules = (
			);
			dependencies = (
			);
			fileSystemSynchronizedGroups = (
				C2B3BBB32F2619E8007FD3E4 /* Cloude Agent */,
			);
			name = "Cloude Agent";
			packageProductDependencies = (
				C2SHARED042F2619AE007FD3E4 /* CloudeShared */,
				C2WHISPER022F2619AE007FD3E4 /* WhisperKit */,
			);
			productName = "Cloude Agent";
			productReference = C2B3BBB22F2619E8007FD3E4 /* Cloude Agent.app */;
			productType = "com.apple.product-type.application";
		};
		C2LIVEACT0B2F2619AE007FD3E4 /* CloudeLiveActivityExtension */ = {
			isa = PBXNativeTarget;
			buildConfigurationList = C2LIVEACT102F2619AE007FD3E4 /* Build configuration list for PBXNativeTarget "CloudeLiveActivityExtension" */;
			buildPhases = (
				C2LIVEACT112F2619AE007FD3E4 /* Sources */,
				C2LIVEACT0C2F2619AE007FD3E4 /* Frameworks */,
				C2LIVEACT122F2619AE007FD3E4 /* Resources */,
			);
			buildRules = (
			);
			dependencies = (
			);
			fileSystemSynchronizedGroups = (
				C2LIVEACT092F2619AE007FD3E4 /* CloudeLiveActivity */,
			);
			name = CloudeLiveActivityExtension;
			packageProductDependencies = (
				C2LIVEACT022F2619AE007FD3E4 /* CloudeShared */,
			);
			productName = CloudeLiveActivityExtension;
			productReference = C2LIVEACT082F2619AE007FD3E4 /* CloudeLiveActivityExtension.appex */;
			productType = "com.apple.product-type.app-extension";
		};
/* End PBXNativeTarget section */

/* Begin PBXProject section */
		C2B3BB982F2619AE007FD3E4 /* Project object */ = {
			isa = PBXProject;
			attributes = {
				BuildIndependentTargetsInParallel = 1;
				LastSwiftUpdateCheck = 2610;
				LastUpgradeCheck = 2620;
				TargetAttributes = {
					C2B3BB9F2F2619AE007FD3E4 = {
						CreatedOnToolsVersion = 26.1.1;
					};
					C2B3BBB12F2619E8007FD3E4 = {
						CreatedOnToolsVersion = 26.1.1;
					};
					C2LIVEACT0B2F2619AE007FD3E4 = {
						CreatedOnToolsVersion = 26.1.1;
					};
				};
			};
			buildConfigurationList = C2B3BB9B2F2619AE007FD3E4 /* Build configuration list for PBXProject "Cloude" */;
			developmentRegion = en;
			hasScannedForEncodings = 0;
			knownRegions = (
				en,
				Base,
			);
			mainGroup = C2B3BB972F2619AE007FD3E4;
			minimizedProjectReferenceProxies = 1;
			packageReferences = (
				C2SHARED062F2619AE007FD3E4 /* XCLocalSwiftPackageReference "CloudeShared" */,
				C2WHISPER032F2619AE007FD3E4 /* XCRemoteSwiftPackageReference "WhisperKit" */,
			);
			preferredProjectObjectVersion = 77;
			productRefGroup = C2B3BBA12F2619AE007FD3E4 /* Products */;
			projectDirPath = "";
			projectRoot = "";
			targets = (
				C2B3BB9F2F2619AE007FD3E4 /* Cloude */,
				C2B3BBB12F2619E8007FD3E4 /* Cloude Agent */,
				C2LIVEACT0B2F2619AE007FD3E4 /* CloudeLiveActivityExtension */,
			);
		};
/* End PBXProject section */

/* Begin PBXResourcesBuildPhase section */
		C2B3BB9E2F2619AE007FD3E4 /* Resources */ = {
			isa = PBXResourcesBuildPhase;
			buildActionMask = 2147483647;
			files = (
			);
			runOnlyForDeploymentPostprocessing = 0;
		};
		C2B3BBB02F2619E8007FD3E4 /* Resources */ = {
			isa = PBXResourcesBuildPhase;
			buildActionMask = 2147483647;
			files = (
			);
			runOnlyForDeploymentPostprocessing = 0;
		};
		C2LIVEACT122F2619AE007FD3E4 /* Resources */ = {
			isa = PBXResourcesBuildPhase;
			buildActionMask = 2147483647;
			files = (
			);
			runOnlyForDeploymentPostprocessing = 0;
		};
/* End PBXResourcesBuildPhase section */

/* Begin PBXSourcesBuildPhase section */
		C2B3BB9C2F2619AE007FD3E4 /* Sources */ = {
			isa = PBXSourcesBuildPhase;
			buildActionMask = 2147483647;
			files = (
			);
			runOnlyForDeploymentPostprocessing = 0;
		};
		C2B3BBAE2F2619E8007FD3E4 /* Sources */ = {
			isa = PBXSourcesBuildPhase;
			buildActionMask = 2147483647;
			files = (
			);
			runOnlyForDeploymentPostprocessing = 0;
		};
		C2LIVEACT112F2619AE007FD3E4 /* Sources */ = {
			isa = PBXSourcesBuildPhase;
			buildActionMask = 2147483647;
			files = (
			);
			runOnlyForDeploymentPostprocessing = 0;
		};
/* End PBXSourcesBuildPhase section */

/* Begin PBXTargetDependency section */
		C2LIVEACT0F2F2619AE007FD3E4 /* PBXTargetDependency */ = {
			isa = PBXTargetDependency;
			target = C2LIVEACT0B2F2619AE007FD3E4 /* CloudeLiveActivityExtension */;
			targetProxy = C2LIVEACT132F2619AE007FD3E4 /* PBXContainerItemProxy */;
		};
/* End PBXTargetDependency section */

/* Begin XCBuildConfiguration section */
		C2B3BBA92F2619AF007FD3E4 /* Debug */ = {
			isa = XCBuildConfiguration;
			buildSettings = {
				ALWAYS_SEARCH_USER_PATHS = NO;
				ASSETCATALOG_COMPILER_GENERATE_SWIFT_ASSET_SYMBOL_EXTENSIONS = YES;
				CLANG_ANALYZER_NONNULL = YES;
				CLANG_ANALYZER_NUMBER_OBJECT_CONVERSION = YES_AGGRESSIVE;
				CLANG_CXX_LANGUAGE_STANDARD = "gnu++20";
				CLANG_ENABLE_MODULES = YES;
				CLANG_ENABLE_OBJC_ARC = YES;
				CLANG_ENABLE_OBJC_WEAK = YES;
				CLANG_WARN_BLOCK_CAPTURE_AUTORELEASING = YES;
				CLANG_WARN_BOOL_CONVERSION = YES;
				CLANG_WARN_COMMA = YES;
				CLANG_WARN_CONSTANT_CONVERSION = YES;
				CLANG_WARN_DEPRECATED_OBJC_IMPLEMENTATIONS = YES;
				CLANG_WARN_DIRECT_OBJC_ISA_USAGE = YES_ERROR;
				CLANG_WARN_DOCUMENTATION_COMMENTS = YES;
				CLANG_WARN_EMPTY_BODY = YES;
				CLANG_WARN_ENUM_CONVERSION = YES;
				CLANG_WARN_INFINITE_RECURSION = YES;
				CLANG_WARN_INT_CONVERSION = YES;
				CLANG_WARN_NON_LITERAL_NULL_CONVERSION = YES;
				CLANG_WARN_OBJC_IMPLICIT_RETAIN_SELF = YES;
				CLANG_WARN_OBJC_LITERAL_CONVERSION = YES;
				CLANG_WARN_OBJC_ROOT_CLASS = YES_ERROR;
				CLANG_WARN_QUOTED_INCLUDE_IN_FRAMEWORK_HEADER = YES;
				CLANG_WARN_RANGE_LOOP_ANALYSIS = YES;
				CLANG_WARN_STRICT_PROTOTYPES = YES;
				CLANG_WARN_SUSPICIOUS_MOVE = YES;
				CLANG_WARN_UNGUARDED_AVAILABILITY = YES_AGGRESSIVE;
				CLANG_WARN_UNREACHABLE_CODE = YES;
				CLANG_WARN__DUPLICATE_METHOD_MATCH = YES;
				COPY_PHASE_STRIP = NO;
				DEBUG_INFORMATION_FORMAT = dwarf;
				DEVELOPMENT_TEAM = Q9U8224WWM;
				ENABLE_STRICT_OBJC_MSGSEND = YES;
				ENABLE_TESTABILITY = YES;
				ENABLE_USER_SCRIPT_SANDBOXING = YES;
				GCC_C_LANGUAGE_STANDARD = gnu17;
				GCC_DYNAMIC_NO_PIC = NO;
				GCC_NO_COMMON_BLOCKS = YES;
				GCC_OPTIMIZATION_LEVEL = 0;
				GCC_PREPROCESSOR_DEFINITIONS = (
					"DEBUG=1",
					"$(inherited)",
				);
				GCC_WARN_64_TO_32_BIT_CONVERSION = YES;
				GCC_WARN_ABOUT_RETURN_TYPE = YES_ERROR;
				GCC_WARN_UNDECLARED_SELECTOR = YES;
				GCC_WARN_UNINITIALIZED_AUTOS = YES_AGGRESSIVE;
				GCC_WARN_UNUSED_FUNCTION = YES;
				GCC_WARN_UNUSED_VARIABLE = YES;
				IPHONEOS_DEPLOYMENT_TARGET = 26.1;
				LOCALIZATION_PREFERS_STRING_CATALOGS = YES;
				MTL_ENABLE_DEBUG_INFO = INCLUDE_SOURCE;
				MTL_FAST_MATH = YES;
				ONLY_ACTIVE_ARCH = YES;
				SDKROOT = iphoneos;
				STRING_CATALOG_GENERATE_SYMBOLS = YES;
				SWIFT_ACTIVE_COMPILATION_CONDITIONS = "DEBUG $(inherited)";
				SWIFT_OPTIMIZATION_LEVEL = "-Onone";
			};
			name = Debug;
		};
		C2B3BBAA2F2619AF007FD3E4 /* Release */ = {
			isa = XCBuildConfiguration;
			buildSettings = {
				ALWAYS_SEARCH_USER_PATHS = NO;
				ASSETCATALOG_COMPILER_GENERATE_SWIFT_ASSET_SYMBOL_EXTENSIONS = YES;
				CLANG_ANALYZER_NONNULL = YES;
				CLANG_ANALYZER_NUMBER_OBJECT_CONVERSION = YES_AGGRESSIVE;
				CLANG_CXX_LANGUAGE_STANDARD = "gnu++20";
				CLANG_ENABLE_MODULES = YES;
				CLANG_ENABLE_OBJC_ARC = YES;
				CLANG_ENABLE_OBJC_WEAK = YES;
				CLANG_WARN_BLOCK_CAPTURE_AUTORELEASING = YES;
				CLANG_WARN_BOOL_CONVERSION = YES;
				CLANG_WARN_COMMA = YES;
				CLANG_WARN_CONSTANT_CONVERSION = YES;
				CLANG_WARN_DEPRECATED_OBJC_IMPLEMENTATIONS = YES;
				CLANG_WARN_DIRECT_OBJC_ISA_USAGE = YES_ERROR;
				CLANG_WARN_DOCUMENTATION_COMMENTS = YES;
				CLANG_WARN_EMPTY_BODY = YES;
				CLANG_WARN_ENUM_CONVERSION = YES;
				CLANG_WARN_INFINITE_RECURSION = YES;
				CLANG_WARN_INT_CONVERSION = YES;
				CLANG_WARN_NON_LITERAL_NULL_CONVERSION = YES;
				CLANG_WARN_OBJC_IMPLICIT_RETAIN_SELF = YES;
				CLANG_WARN_OBJC_LITERAL_CONVERSION = YES;
				CLANG_WARN_OBJC_ROOT_CLASS = YES_ERROR;
				CLANG_WARN_QUOTED_INCLUDE_IN_FRAMEWORK_HEADER = YES;
				CLANG_WARN_RANGE_LOOP_ANALYSIS = YES;
				CLANG_WARN_STRICT_PROTOTYPES = YES;
				CLANG_WARN_SUSPICIOUS_MOVE = YES;
				CLANG_WARN_UNGUARDED_AVAILABILITY = YES_AGGRESSIVE;
				CLANG_WARN_UNREACHABLE_CODE = YES;
				CLANG_WARN__DUPLICATE_METHOD_MATCH = YES;
				COPY_PHASE_STRIP = NO;
				DEBUG_INFORMATION_FORMAT = "dwarf-with-dsym";
				DEVELOPMENT_TEAM = Q9U8224WWM;
				ENABLE_NS_ASSERTIONS = NO;
				ENABLE_STRICT_OBJC_MSGSEND = YES;
				ENABLE_USER_SCRIPT_SANDBOXING = YES;
				GCC_C_LANGUAGE_STANDARD = gnu17;
				GCC_NO_COMMON_BLOCKS = YES;
				GCC_WARN_64_TO_32_BIT_CONVERSION = YES;
				GCC_WARN_ABOUT_RETURN_TYPE = YES_ERROR;
				GCC_WARN_UNDECLARED_SELECTOR = YES;
				GCC_WARN_UNINITIALIZED_AUTOS = YES_AGGRESSIVE;
				GCC_WARN_UNUSED_FUNCTION = YES;
				GCC_WARN_UNUSED_VARIABLE = YES;
				IPHONEOS_DEPLOYMENT_TARGET = 26.1;
				LOCALIZATION_PREFERS_STRING_CATALOGS = YES;
				MTL_ENABLE_DEBUG_INFO = NO;
				MTL_FAST_MATH = YES;
				SDKROOT = iphoneos;
				STRING_CATALOG_GENERATE_SYMBOLS = YES;
				SWIFT_COMPILATION_MODE = wholemodule;
				VALIDATE_PRODUCT = YES;
			};
			name = Release;
		};
		C2B3BBAC2F2619AF007FD3E4 /* Debug */ = {
			isa = XCBuildConfiguration;
			buildSettings = {
				ASSETCATALOG_COMPILER_APPICON_NAME = AppIcon;
				ASSETCATALOG_COMPILER_GLOBAL_ACCENT_COLOR_NAME = AccentColor;
				CODE_SIGN_IDENTITY = "Apple Development";
				CODE_SIGN_STYLE = Automatic;
				CURRENT_PROJECT_VERSION = 21;
				DEVELOPMENT_TEAM = Q9U8224WWM;
				ENABLE_PREVIEWS = YES;
				GENERATE_INFOPLIST_FILE = YES;
				INFOPLIST_FILE = Cloude/Info.plist;
				INFOPLIST_KEY_CFBundleDisplayName = Cloude;
				INFOPLIST_KEY_LSApplicationCategoryType = "public.app-category.productivity";
				INFOPLIST_KEY_UIApplicationSceneManifest_Generation = YES;
				INFOPLIST_KEY_UIApplicationSupportsIndirectInputEvents = YES;
				INFOPLIST_KEY_UILaunchScreen_Generation = YES;
				INFOPLIST_KEY_UISupportedInterfaceOrientations = UIInterfaceOrientationPortrait;
				IPHONEOS_DEPLOYMENT_TARGET = 26.0;
				LD_RUNPATH_SEARCH_PATHS = (
					"$(inherited)",
					"@executable_path/Frameworks",
				);
				MARKETING_VERSION = 1.0;
				PRODUCT_BUNDLE_IDENTIFIER = soli.Cloude;
				PRODUCT_NAME = "$(TARGET_NAME)";
				PROVISIONING_PROFILE_SPECIFIER = "";
				STRING_CATALOG_GENERATE_SYMBOLS = YES;
				SUPPORTED_PLATFORMS = "iphoneos iphonesimulator";
				SUPPORTS_MACCATALYST = NO;
				SUPPORTS_XR_DESIGNED_FOR_IPHONE_IPAD = NO;
				SWIFT_APPROACHABLE_CONCURRENCY = YES;
				SWIFT_DEFAULT_ACTOR_ISOLATION = MainActor;
				SWIFT_EMIT_LOC_STRINGS = YES;
				SWIFT_UPCOMING_FEATURE_MEMBER_IMPORT_VISIBILITY = YES;
				SWIFT_VERSION = 5.0;
				TARGETED_DEVICE_FAMILY = "1,2";
			};
			name = Debug;
		};
		C2B3BBAD2F2619AF007FD3E4 /* Release */ = {
			isa = XCBuildConfiguration;
			buildSettings = {
				ASSETCATALOG_COMPILER_APPICON_NAME = AppIcon;
				ASSETCATALOG_COMPILER_GLOBAL_ACCENT_COLOR_NAME = AccentColor;
				CODE_SIGN_IDENTITY = "Apple Development";
				CODE_SIGN_STYLE = Automatic;
				CURRENT_PROJECT_VERSION = 21;
				DEVELOPMENT_TEAM = Q9U8224WWM;
				ENABLE_PREVIEWS = YES;
				GENERATE_INFOPLIST_FILE = YES;
				INFOPLIST_FILE = Cloude/Info.plist;
				INFOPLIST_KEY_CFBundleDisplayName = Cloude;
				INFOPLIST_KEY_LSApplicationCategoryType = "public.app-category.productivity";
				INFOPLIST_KEY_UIApplicationSceneManifest_Generation = YES;
				INFOPLIST_KEY_UIApplicationSupportsIndirectInputEvents = YES;
				INFOPLIST_KEY_UILaunchScreen_Generation = YES;
				INFOPLIST_KEY_UISupportedInterfaceOrientations = UIInterfaceOrientationPortrait;
				IPHONEOS_DEPLOYMENT_TARGET = 26.0;
				LD_RUNPATH_SEARCH_PATHS = (
					"$(inherited)",
					"@executable_path/Frameworks",
				);
				MARKETING_VERSION = 1.0;
				PRODUCT_BUNDLE_IDENTIFIER = soli.Cloude;
				PRODUCT_NAME = "$(TARGET_NAME)";
				PROVISIONING_PROFILE_SPECIFIER = "";
				STRING_CATALOG_GENERATE_SYMBOLS = YES;
				SUPPORTED_PLATFORMS = "iphoneos iphonesimulator";
				SUPPORTS_MACCATALYST = NO;
				SUPPORTS_XR_DESIGNED_FOR_IPHONE_IPAD = NO;
				SWIFT_APPROACHABLE_CONCURRENCY = YES;
				SWIFT_DEFAULT_ACTOR_ISOLATION = MainActor;
				SWIFT_EMIT_LOC_STRINGS = YES;
				SWIFT_UPCOMING_FEATURE_MEMBER_IMPORT_VISIBILITY = YES;
				SWIFT_VERSION = 5.0;
				TARGETED_DEVICE_FAMILY = "1,2";
			};
			name = Release;
		};
		C2B3BBBB2F2619E8007FD3E4 /* Debug */ = {
			isa = XCBuildConfiguration;
			buildSettings = {
				ASSETCATALOG_COMPILER_APPICON_NAME = AppIcon;
				ASSETCATALOG_COMPILER_GLOBAL_ACCENT_COLOR_NAME = AccentColor;
				"CODE_SIGN_IDENTITY[sdk=macosx*]" = "Apple Development";
				CODE_SIGN_STYLE = Automatic;
				COMBINE_HIDPI_IMAGES = YES;
				CURRENT_PROJECT_VERSION = 21;
				DEAD_CODE_STRIPPING = YES;
				DEVELOPMENT_TEAM = Q9U8224WWM;
				ENABLE_APP_SANDBOX = NO;
				ENABLE_HARDENED_RUNTIME = YES;
				ENABLE_PREVIEWS = YES;
				GENERATE_INFOPLIST_FILE = YES;
				INFOPLIST_KEY_CFBundleDisplayName = "Cloud Agent";
				INFOPLIST_KEY_LSApplicationCategoryType = "public.app-category.productivity";
				INFOPLIST_KEY_NSHumanReadableCopyright = "";
				LD_RUNPATH_SEARCH_PATHS = (
					"$(inherited)",
					"@executable_path/../Frameworks",
				);
				MACOSX_DEPLOYMENT_TARGET = 26.1;
				MARKETING_VERSION = 1.0;
				PRODUCT_BUNDLE_IDENTIFIER = "soli.Cloude-Agent";
				PRODUCT_NAME = "$(TARGET_NAME)";
				REGISTER_APP_GROUPS = YES;
				SDKROOT = macosx;
				STRING_CATALOG_GENERATE_SYMBOLS = YES;
				SWIFT_APPROACHABLE_CONCURRENCY = YES;
				SWIFT_DEFAULT_ACTOR_ISOLATION = MainActor;
				SWIFT_EMIT_LOC_STRINGS = YES;
				SWIFT_UPCOMING_FEATURE_MEMBER_IMPORT_VISIBILITY = YES;
				SWIFT_VERSION = 5.0;
			};
			name = Debug;
		};
		C2B3BBBC2F2619E8007FD3E4 /* Release */ = {
			isa = XCBuildConfiguration;
			buildSettings = {
				ASSETCATALOG_COMPILER_APPICON_NAME = AppIcon;
				ASSETCATALOG_COMPILER_GLOBAL_ACCENT_COLOR_NAME = AccentColor;
				"CODE_SIGN_IDENTITY[sdk=macosx*]" = "Apple Development";
				CODE_SIGN_STYLE = Automatic;
				COMBINE_HIDPI_IMAGES = YES;
				CURRENT_PROJECT_VERSION = 21;
				DEAD_CODE_STRIPPING = YES;
				DEVELOPMENT_TEAM = Q9U8224WWM;
				ENABLE_APP_SANDBOX = NO;
				ENABLE_HARDENED_RUNTIME = YES;
				ENABLE_PREVIEWS = YES;
				GENERATE_INFOPLIST_FILE = YES;
				INFOPLIST_KEY_CFBundleDisplayName = "Cloud Agent";
				INFOPLIST_KEY_LSApplicationCategoryType = "public.app-category.productivity";
				INFOPLIST_KEY_NSHumanReadableCopyright = "";
				LD_RUNPATH_SEARCH_PATHS = (
					"$(inherited)",
					"@executable_path/../Frameworks",
				);
				MACOSX_DEPLOYMENT_TARGET = 26.1;
				MARKETING_VERSION = 1.0;
				PRODUCT_BUNDLE_IDENTIFIER = "soli.Cloude-Agent";
				PRODUCT_NAME = "$(TARGET_NAME)";
				REGISTER_APP_GROUPS = YES;
				SDKROOT = macosx;
				STRING_CATALOG_GENERATE_SYMBOLS = YES;
				SWIFT_APPROACHABLE_CONCURRENCY = YES;
				SWIFT_DEFAULT_ACTOR_ISOLATION = MainActor;
				SWIFT_EMIT_LOC_STRINGS = YES;
				SWIFT_UPCOMING_FEATURE_MEMBER_IMPORT_VISIBILITY = YES;
				SWIFT_VERSION = 5.0;
			};
			name = Release;
		};
		C2LIVEACT142F2619AE007FD3E4 /* Debug */ = {
			isa = XCBuildConfiguration;
			buildSettings = {
				ASSETCATALOG_COMPILER_GLOBAL_ACCENT_COLOR_NAME = AccentColor;
				ASSETCATALOG_COMPILER_WIDGET_BACKGROUND_COLOR_NAME = WidgetBackground;
				CODE_SIGN_STYLE = Automatic;
				CURRENT_PROJECT_VERSION = 21;
				DEVELOPMENT_TEAM = Q9U8224WWM;
				GENERATE_INFOPLIST_FILE = YES;
				INFOPLIST_FILE = CloudeLiveActivity/Info.plist;
				INFOPLIST_KEY_CFBundleDisplayName = CloudeLiveActivity;
				INFOPLIST_KEY_NSHumanReadableCopyright = "";
				IPHONEOS_DEPLOYMENT_TARGET = 26.0;
				LD_RUNPATH_SEARCH_PATHS = (
					"$(inherited)",
					"@executable_path/Frameworks",
					"@executable_path/../../Frameworks",
				);
				MARKETING_VERSION = 1.0;
				PRODUCT_BUNDLE_IDENTIFIER = soli.Cloude.LiveActivity;
				PRODUCT_NAME = "$(TARGET_NAME)";
				SKIP_INSTALL = YES;
				SWIFT_APPROACHABLE_CONCURRENCY = YES;
				SWIFT_DEFAULT_ACTOR_ISOLATION = MainActor;
				SWIFT_EMIT_LOC_STRINGS = YES;
				SWIFT_UPCOMING_FEATURE_MEMBER_IMPORT_VISIBILITY = YES;
				SWIFT_VERSION = 5.0;
				TARGETED_DEVICE_FAMILY = "1,2";
			};
			name = Debug;
		};
		C2LIVEACT152F2619AE007FD3E4 /* Release */ = {
			isa = XCBuildConfiguration;
			buildSettings = {
				ASSETCATALOG_COMPILER_GLOBAL_ACCENT_COLOR_NAME = AccentColor;
				ASSETCATALOG_COMPILER_WIDGET_BACKGROUND_COLOR_NAME = WidgetBackground;
				CODE_SIGN_STYLE = Automatic;
				CURRENT_PROJECT_VERSION = 21;
				DEVELOPMENT_TEAM = Q9U8224WWM;
				GENERATE_INFOPLIST_FILE = YES;
				INFOPLIST_FILE = CloudeLiveActivity/Info.plist;
				INFOPLIST_KEY_CFBundleDisplayName = CloudeLiveActivity;
				INFOPLIST_KEY_NSHumanReadableCopyright = "";
				IPHONEOS_DEPLOYMENT_TARGET = 26.0;
				LD_RUNPATH_SEARCH_PATHS = (
					"$(inherited)",
					"@executable_path/Frameworks",
					"@executable_path/../../Frameworks",
				);
				MARKETING_VERSION = 1.0;
				PRODUCT_BUNDLE_IDENTIFIER = soli.Cloude.LiveActivity;
				PRODUCT_NAME = "$(TARGET_NAME)";
				SKIP_INSTALL = YES;
				SWIFT_APPROACHABLE_CONCURRENCY = YES;
				SWIFT_DEFAULT_ACTOR_ISOLATION = MainActor;
				SWIFT_EMIT_LOC_STRINGS = YES;
				SWIFT_UPCOMING_FEATURE_MEMBER_IMPORT_VISIBILITY = YES;
				SWIFT_VERSION = 5.0;
				TARGETED_DEVICE_FAMILY = "1,2";
			};
			name = Release;
		};
/* End XCBuildConfiguration section */

/* Begin XCConfigurationList section */
		C2B3BB9B2F2619AE007FD3E4 /* Build configuration list for PBXProject "Cloude" */ = {
			isa = XCConfigurationList;
			buildConfigurations = (
				C2B3BBA92F2619AF007FD3E4 /* Debug */,
				C2B3BBAA2F2619AF007FD3E4 /* Release */,
			);
			defaultConfigurationIsVisible = 0;
			defaultConfigurationName = Release;
		};
		C2B3BBAB2F2619AF007FD3E4 /* Build configuration list for PBXNativeTarget "Cloude" */ = {
			isa = XCConfigurationList;
			buildConfigurations = (
				C2B3BBAC2F2619AF007FD3E4 /* Debug */,
				C2B3BBAD2F2619AF007FD3E4 /* Release */,
			);
			defaultConfigurationIsVisible = 0;
			defaultConfigurationName = Release;
		};
		C2B3BBBA2F2619E8007FD3E4 /* Build configuration list for PBXNativeTarget "Cloude Agent" */ = {
			isa = XCConfigurationList;
			buildConfigurations = (
				C2B3BBBB2F2619E8007FD3E4 /* Debug */,
				C2B3BBBC2F2619E8007FD3E4 /* Release */,
			);
			defaultConfigurationIsVisible = 0;
			defaultConfigurationName = Release;
		};
		C2LIVEACT102F2619AE007FD3E4 /* Build configuration list for PBXNativeTarget "CloudeLiveActivityExtension" */ = {
			isa = XCConfigurationList;
			buildConfigurations = (
				C2LIVEACT142F2619AE007FD3E4 /* Debug */,
				C2LIVEACT152F2619AE007FD3E4 /* Release */,
			);
			defaultConfigurationIsVisible = 0;
			defaultConfigurationName = Release;
		};
/* End XCConfigurationList section */

/* Begin XCLocalSwiftPackageReference section */
		C2SHARED062F2619AE007FD3E4 /* XCLocalSwiftPackageReference "CloudeShared" */ = {
			isa = XCLocalSwiftPackageReference;
			relativePath = CloudeShared;
		};
/* End XCLocalSwiftPackageReference section */

/* Begin XCRemoteSwiftPackageReference section */
		C2WHISPER032F2619AE007FD3E4 /* XCRemoteSwiftPackageReference "WhisperKit" */ = {
			isa = XCRemoteSwiftPackageReference;
			repositoryURL = "https://github.com/argmaxinc/WhisperKit.git";
			requirement = {
				kind = upToNextMajorVersion;
				minimumVersion = 0.9.0;
			};
		};
/* End XCRemoteSwiftPackageReference section */

/* Begin XCSwiftPackageProductDependency section */
		C2LIVEACT022F2619AE007FD3E4 /* CloudeShared */ = {
			isa = XCSwiftPackageProductDependency;
			package = C2SHARED062F2619AE007FD3E4 /* XCLocalSwiftPackageReference "CloudeShared" */;
			productName = CloudeShared;
		};
		C2SHARED022F2619AE007FD3E4 /* CloudeShared */ = {
			isa = XCSwiftPackageProductDependency;
			package = C2SHARED062F2619AE007FD3E4 /* XCLocalSwiftPackageReference "CloudeShared" */;
			productName = CloudeShared;
		};
		C2SHARED042F2619AE007FD3E4 /* CloudeShared */ = {
			isa = XCSwiftPackageProductDependency;
			package = C2SHARED062F2619AE007FD3E4 /* XCLocalSwiftPackageReference "CloudeShared" */;
			productName = CloudeShared;
		};
		C2WHISPER022F2619AE007FD3E4 /* WhisperKit */ = {
			isa = XCSwiftPackageProductDependency;
			package = C2WHISPER032F2619AE007FD3E4 /* XCRemoteSwiftPackageReference "WhisperKit" */;
			productName = WhisperKit;
		};
/* End XCSwiftPackageProductDependency section */
	};
	rootObject = C2B3BB982F2619AE007FD3E4 /* Project object */;
}
